
Microsoft Visual Studio Solution File, Format Version 12.00
# Visual Studio 2012
Project("{2150E333-8FDC-42A3-9474-1A3956D46DE8}") = "1.Client", "1.Client", "{C751B7A9-2138-44B5-A9DB-01A4A091D41F}"
EndProject
Project("{2150E333-8FDC-42A3-9474-1A3956D46DE8}") = "2.BL", "2.BL", "{51DF1E62-B3DE-4B57-8D83-1370B27A3461}"
EndProject
Project("{2150E333-8FDC-42A3-9474-1A3956D46DE8}") = "3.DAL", "3.DAL", "{696DB435-C32D-4ED2-9742-9AD08D73BD01}"
EndProject
Project("{FAE04EC0-301F-11D3-BF4B-00C04F79EFBC}") = "Crawler", "Crawler\Crawler.csproj", "{B45D49E8-8527-45E0-9F35-AECEBEB27CFC}"
EndProject
Project("{FAE04EC0-301F-11D3-BF4B-00C04F79EFBC}") = "WebPageProcessor", "WebPageProcessor\WebPageProcessor.csproj", "{B8C1806D-5944-4499-8CCC-87341EF24106}"
EndProject
Project("{FAE04EC0-301F-11D3-BF4B-00C04F79EFBC}") = "Crawler.Test", "Crawler.Test\Crawler.Test.csproj", "{1E3BC01A-A020-4DC8-B45D-B3013A76E821}"
EndProject
Project("{2150E333-8FDC-42A3-9474-1A3956D46DE8}") = "4.Library", "4.Library", "{888D4808-075E-4150-BE69-DD218716517B}"
EndProject
Project("{FAE04EC0-301F-11D3-BF4B-00C04F79EFBC}") = "SuperQueue", "SuperQueue\SuperQueue.csproj", "{8A8264A8-3847-481F-A381-F1BB959B48C4}"
EndProject
Project("{FAE04EC0-301F-11D3-BF4B-00C04F79EFBC}") = "Crawler.ConsoleProg", "Crawler.ConsoleProg\Crawler.ConsoleProg.csproj", "{7EC93E20-0BC5-455E-B01D-8656AB7052AB}"
EndProject
Project("{FAE04EC0-301F-11D3-BF4B-00C04F79EFBC}") = "Crawler.DAL", "BusinessClasses\Crawler.DAL.csproj", "{E17F6B99-C922-4019-82C9-5F74E30B28DA}"
EndProject
Project("{2150E333-8FDC-42A3-9474-1A3956D46DE8}") = "CrawlerBL", "CrawlerBL", "{4F4357F3-F247-4850-87A7-49911CB86631}"
EndProject
Project("{2150E333-8FDC-42A3-9474-1A3956D46DE8}") = "DB", "DB", "{DC42AE3C-0B0A-41BC-BBAA-80F9F03040B9}"
EndProject
Project("{FAE04EC0-301F-11D3-BF4B-00C04F79EFBC}") = "HDBusinessLayer", "HDBusinessLayer\HDBusinessLayer.csproj", "{DB0CE59D-DBB8-4F48-98E2-A9C3796EB9DA}"
EndProject
Global
	GlobalSection(SolutionConfigurationPlatforms) = preSolution
		Debug|Any CPU = Debug|Any CPU
		Release|Any CPU = Release|Any CPU
	EndGlobalSection
	GlobalSection(ProjectConfigurationPlatforms) = postSolution
		{B45D49E8-8527-45E0-9F35-AECEBEB27CFC}.Debug|Any CPU.ActiveCfg = Debug|Any CPU
		{B45D49E8-8527-45E0-9F35-AECEBEB27CFC}.Debug|Any CPU.Build.0 = Debug|Any CPU
		{B45D49E8-8527-45E0-9F35-AECEBEB27CFC}.Release|Any CPU.ActiveCfg = Release|Any CPU
		{B45D49E8-8527-45E0-9F35-AECEBEB27CFC}.Release|Any CPU.Build.0 = Release|Any CPU
		{B8C1806D-5944-4499-8CCC-87341EF24106}.Debug|Any CPU.ActiveCfg = Debug|Any CPU
		{B8C1806D-5944-4499-8CCC-87341EF24106}.Debug|Any CPU.Build.0 = Debug|Any CPU
		{B8C1806D-5944-4499-8CCC-87341EF24106}.Release|Any CPU.ActiveCfg = Release|Any CPU
		{B8C1806D-5944-4499-8CCC-87341EF24106}.Release|Any CPU.Build.0 = Release|Any CPU
		{1E3BC01A-A020-4DC8-B45D-B3013A76E821}.Debug|Any CPU.ActiveCfg = Debug|Any CPU
		{1E3BC01A-A020-4DC8-B45D-B3013A76E821}.Debug|Any CPU.Build.0 = Debug|Any CPU
		{1E3BC01A-A020-4DC8-B45D-B3013A76E821}.Release|Any CPU.ActiveCfg = Release|Any CPU
		{1E3BC01A-A020-4DC8-B45D-B3013A76E821}.Release|Any CPU.Build.0 = Release|Any CPU
		{8A8264A8-3847-481F-A381-F1BB959B48C4}.Debug|Any CPU.ActiveCfg = Debug|Any CPU
		{8A8264A8-3847-481F-A381-F1BB959B48C4}.Debug|Any CPU.Build.0 = Debug|Any CPU
		{8A8264A8-3847-481F-A381-F1BB959B48C4}.Release|Any CPU.ActiveCfg = Release|Any CPU
		{8A8264A8-3847-481F-A381-F1BB959B48C4}.Release|Any CPU.Build.0 = Release|Any CPU
		{7EC93E20-0BC5-455E-B01D-8656AB7052AB}.Debug|Any CPU.ActiveCfg = Debug|Any CPU
		{7EC93E20-0BC5-455E-B01D-8656AB7052AB}.Debug|Any CPU.Build.0 = Debug|Any CPU
		{7EC93E20-0BC5-455E-B01D-8656AB7052AB}.Release|Any CPU.ActiveCfg = Release|Any CPU
		{7EC93E20-0BC5-455E-B01D-8656AB7052AB}.Release|Any CPU.Build.0 = Release|Any CPU
		{E17F6B99-C922-4019-82C9-5F74E30B28DA}.Debug|Any CPU.ActiveCfg = Debug|Any CPU
		{E17F6B99-C922-4019-82C9-5F74E30B28DA}.Debug|Any CPU.Build.0 = Debug|Any CPU
		{E17F6B99-C922-4019-82C9-5F74E30B28DA}.Release|Any CPU.ActiveCfg = Release|Any CPU
		{E17F6B99-C922-4019-82C9-5F74E30B28DA}.Release|Any CPU.Build.0 = Release|Any CPU
		{DB0CE59D-DBB8-4F48-98E2-A9C3796EB9DA}.Debug|Any CPU.ActiveCfg = Debug|Any CPU
		{DB0CE59D-DBB8-4F48-98E2-A9C3796EB9DA}.Debug|Any CPU.Build.0 = Debug|Any CPU
		{DB0CE59D-DBB8-4F48-98E2-A9C3796EB9DA}.Release|Any CPU.ActiveCfg = Release|Any CPU
		{DB0CE59D-DBB8-4F48-98E2-A9C3796EB9DA}.Release|Any CPU.Build.0 = Release|Any CPU
	EndGlobalSection
	GlobalSection(SolutionProperties) = preSolution
		HideSolutionNode = FALSE
	EndGlobalSection
	GlobalSection(NestedProjects) = preSolution
		{1E3BC01A-A020-4DC8-B45D-B3013A76E821} = {C751B7A9-2138-44B5-A9DB-01A4A091D41F}
		{7EC93E20-0BC5-455E-B01D-8656AB7052AB} = {C751B7A9-2138-44B5-A9DB-01A4A091D41F}
		{4F4357F3-F247-4850-87A7-49911CB86631} = {51DF1E62-B3DE-4B57-8D83-1370B27A3461}
		{DC42AE3C-0B0A-41BC-BBAA-80F9F03040B9} = {51DF1E62-B3DE-4B57-8D83-1370B27A3461}
		{E17F6B99-C922-4019-82C9-5F74E30B28DA} = {696DB435-C32D-4ED2-9742-9AD08D73BD01}
		{B8C1806D-5944-4499-8CCC-87341EF24106} = {696DB435-C32D-4ED2-9742-9AD08D73BD01}
		{B45D49E8-8527-45E0-9F35-AECEBEB27CFC} = {4F4357F3-F247-4850-87A7-49911CB86631}
		{8A8264A8-3847-481F-A381-F1BB959B48C4} = {888D4808-075E-4150-BE69-DD218716517B}
		{DB0CE59D-DBB8-4F48-98E2-A9C3796EB9DA} = {DC42AE3C-0B0A-41BC-BBAA-80F9F03040B9}
	EndGlobalSection
EndGlobal
